
Microsoft Visual Studio Solution File, Format Version 12.00
# Visual Studio Version 16
VisualStudioVersion = 16.0.29503.13
MinimumVisualStudioVersion = 10.0.40219.1
Project("{FAE04EC0-301F-11D3-BF4B-00C04F79EFBC}") = "OpenCVSharp-VideoCapture", "OpenCVSharp-VideoCapture\OpenCVSharp-VideoCapture.csproj", "{708C12CD-48B4-4427-A052-63B1799889BB}"
EndProject
Global
	GlobalSection(SolutionConfigurationPlatforms) = preSolution
		Debug|Any CPU = Debug|Any CPU
		Release|Any CPU = Release|Any CPU
	EndGlobalSection
	GlobalSection(ProjectConfigurationPlatforms) = postSolution
		{708C12CD-48B4-4427-A052-63B1799889BB}.Debug|Any CPU.ActiveCfg = Debug|Any CPU
		{708C12CD-48B4-4427-A052-63B1799889BB}.Debug|Any CPU.Build.0 = Debug|Any CPU
		{708C12CD-48B4-4427-A052-63B1799889BB}.Release|Any CPU.ActiveCfg = Release|Any CPU
		{708C12CD-48B4-4427-A052-63B1799889BB}.Release|Any CPU.Build.0 = Release|Any CPU
	EndGlobalSection
	GlobalSection(SolutionProperties) = preSolution
		HideSolutionNode = FALSE
	EndGlobalSection
	GlobalSection(ExtensibilityGlobals) = postSolution
		SolutionGuid = {E3413503-2AB1-4320-8209-1C79E1C44C53}
	EndGlobalSection
EndGlobal
