
Microsoft Visual Studio Solution File, Format Version 12.00
# Visual Studio Version 16
VisualStudioVersion = 16.0.29503.13
MinimumVisualStudioVersion = 10.0.40219.1
Project("{FAE04EC0-301F-11D3-BF4B-00C04F79EFBC}") = "OpenCVSharpImage", "OpenCVSharpImage\OpenCVSharpImage.csproj", "{C791079F-2589-4352-87FF-4231648622A0}"
EndProject
Global
	GlobalSection(SolutionConfigurationPlatforms) = preSolution
		Debug|Any CPU = Debug|Any CPU
		Debug|x64 = Debug|x64
		Release|Any CPU = Release|Any CPU
		Release|x64 = Release|x64
	EndGlobalSection
	GlobalSection(ProjectConfigurationPlatforms) = postSolution
		{C791079F-2589-4352-87FF-4231648622A0}.Debug|Any CPU.ActiveCfg = Debug|Any CPU
		{C791079F-2589-4352-87FF-4231648622A0}.Debug|Any CPU.Build.0 = Debug|Any CPU
		{C791079F-2589-4352-87FF-4231648622A0}.Debug|x64.ActiveCfg = Debug|x64
		{C791079F-2589-4352-87FF-4231648622A0}.Debug|x64.Build.0 = Debug|x64
		{C791079F-2589-4352-87FF-4231648622A0}.Release|Any CPU.ActiveCfg = Release|Any CPU
		{C791079F-2589-4352-87FF-4231648622A0}.Release|Any CPU.Build.0 = Release|Any CPU
		{C791079F-2589-4352-87FF-4231648622A0}.Release|x64.ActiveCfg = Release|x64
		{C791079F-2589-4352-87FF-4231648622A0}.Release|x64.Build.0 = Release|x64
	EndGlobalSection
	GlobalSection(SolutionProperties) = preSolution
		HideSolutionNode = FALSE
	EndGlobalSection
	GlobalSection(ExtensibilityGlobals) = postSolution
		SolutionGuid = {9EA1EF8E-2EF4-4AB6-BFDC-F8E0731A66DF}
	EndGlobalSection
EndGlobal
