
Microsoft Visual Studio Solution File, Format Version 12.00
# Visual Studio Version 16
VisualStudioVersion = 16.0.29503.13
MinimumVisualStudioVersion = 10.0.40219.1
Project("{FAE04EC0-301F-11D3-BF4B-00C04F79EFBC}") = "OpenCV-Sample", "OpenCV-Sample\OpenCV-Sample.csproj", "{68492BC6-8E8B-4E45-8268-0A23FB4BDC55}"
EndProject
Global
	GlobalSection(SolutionConfigurationPlatforms) = preSolution
		Debug|Any CPU = Debug|Any CPU
		Debug|x64 = Debug|x64
		Release|Any CPU = Release|Any CPU
		Release|x64 = Release|x64
	EndGlobalSection
	GlobalSection(ProjectConfigurationPlatforms) = postSolution
		{68492BC6-8E8B-4E45-8268-0A23FB4BDC55}.Debug|Any CPU.ActiveCfg = Debug|Any CPU
		{68492BC6-8E8B-4E45-8268-0A23FB4BDC55}.Debug|Any CPU.Build.0 = Debug|Any CPU
		{68492BC6-8E8B-4E45-8268-0A23FB4BDC55}.Debug|x64.ActiveCfg = Debug|x64
		{68492BC6-8E8B-4E45-8268-0A23FB4BDC55}.Debug|x64.Build.0 = Debug|x64
		{68492BC6-8E8B-4E45-8268-0A23FB4BDC55}.Release|Any CPU.ActiveCfg = Release|Any CPU
		{68492BC6-8E8B-4E45-8268-0A23FB4BDC55}.Release|Any CPU.Build.0 = Release|Any CPU
		{68492BC6-8E8B-4E45-8268-0A23FB4BDC55}.Release|x64.ActiveCfg = Release|x64
		{68492BC6-8E8B-4E45-8268-0A23FB4BDC55}.Release|x64.Build.0 = Release|x64
	EndGlobalSection
	GlobalSection(SolutionProperties) = preSolution
		HideSolutionNode = FALSE
	EndGlobalSection
	GlobalSection(ExtensibilityGlobals) = postSolution
		SolutionGuid = {3016FF0D-BB84-47D8-9F49-976423C04019}
	EndGlobalSection
EndGlobal
